// !$*UTF8*$!
{
	archiveVersion = 1;
	classes = {
	};
	objectVersion = 56;
	objects = {

/* Begin PBXBuildFile section */
		/* App */
		E10000010000000000000001 /* TerrainApp.swift in Sources */ = {isa = PBXBuildFile; fileRef = E20000010000000000000001 /* TerrainApp.swift */; };
		E10000010000000000000002 /* MainTabView.swift in Sources */ = {isa = PBXBuildFile; fileRef = E20000010000000000000002 /* MainTabView.swift */; };
		E10000010000000000000003 /* NavigationCoordinator.swift in Sources */ = {isa = PBXBuildFile; fileRef = E20000010000000000000003 /* NavigationCoordinator.swift */; };

		/* Core/Models */
		E10000020000000000000010 /* TerrainSchemaV1.swift in Sources */ = {isa = PBXBuildFile; fileRef = E20000020000000000000010 /* TerrainSchemaV1.swift */; };

		/* Core/Models/Content */
		E10000020000000000000001 /* Ingredient.swift in Sources */ = {isa = PBXBuildFile; fileRef = E20000020000000000000001 /* Ingredient.swift */; };
		E10000020000000000000002 /* Lesson.swift in Sources */ = {isa = PBXBuildFile; fileRef = E20000020000000000000002 /* Lesson.swift */; };
		E10000020000000000000003 /* Movement.swift in Sources */ = {isa = PBXBuildFile; fileRef = E20000020000000000000003 /* Movement.swift */; };
		E10000020000000000000004 /* Program.swift in Sources */ = {isa = PBXBuildFile; fileRef = E20000020000000000000004 /* Program.swift */; };
		E10000020000000000000005 /* Routine.swift in Sources */ = {isa = PBXBuildFile; fileRef = E20000020000000000000005 /* Routine.swift */; };
		E10000020000000000000006 /* TerrainProfile.swift in Sources */ = {isa = PBXBuildFile; fileRef = E20000020000000000000006 /* TerrainProfile.swift */; };

		/* Core/Models/User */
		E10000030000000000000001 /* UserProfile.swift in Sources */ = {isa = PBXBuildFile; fileRef = E20000030000000000000001 /* UserProfile.swift */; };
		E10000030000000000000002 /* UserCabinet.swift in Sources */ = {isa = PBXBuildFile; fileRef = E20000030000000000000002 /* UserCabinet.swift */; };
		E10000030000000000000003 /* DailyLog.swift in Sources */ = {isa = PBXBuildFile; fileRef = E20000030000000000000003 /* DailyLog.swift */; };
		E10000030000000000000004 /* ProgressRecord.swift in Sources */ = {isa = PBXBuildFile; fileRef = E20000030000000000000004 /* ProgressRecord.swift */; };
		E10000030000000000000005 /* ProgramEnrollment.swift in Sources */ = {isa = PBXBuildFile; fileRef = E20000030000000000000005 /* ProgramEnrollment.swift */; };

		/* Core/Models/Shared */
		E10000040000000000000001 /* LocalizedString.swift in Sources */ = {isa = PBXBuildFile; fileRef = E20000040000000000000001 /* LocalizedString.swift */; };
		E10000040000000000000002 /* Tags.swift in Sources */ = {isa = PBXBuildFile; fileRef = E20000040000000000000002 /* Tags.swift */; };
		E10000040000000000000003 /* SafetyFlags.swift in Sources */ = {isa = PBXBuildFile; fileRef = E20000040000000000000003 /* SafetyFlags.swift */; };
		E10000040000000000000004 /* MediaAsset.swift in Sources */ = {isa = PBXBuildFile; fileRef = E20000040000000000000004 /* MediaAsset.swift */; };
		E10000040000000000000005 /* HomeInsightModels.swift in Sources */ = {isa = PBXBuildFile; fileRef = E20000040000000000000005 /* HomeInsightModels.swift */; };

		/* Core/Engine */
		E10000050000000000000001 /* TerrainScoringEngine.swift in Sources */ = {isa = PBXBuildFile; fileRef = E20000050000000000000001 /* TerrainScoringEngine.swift */; };

		/* Core/Services */
		E10000060000000000000001 /* ContentPackService.swift in Sources */ = {isa = PBXBuildFile; fileRef = E20000060000000000000001 /* ContentPackService.swift */; };
		E10000060000000000000002 /* InsightEngine.swift in Sources */ = {isa = PBXBuildFile; fileRef = E20000060000000000000002 /* InsightEngine.swift */; };

		/* Features/Onboarding */
		E10000070000000000000001 /* WelcomeView.swift in Sources */ = {isa = PBXBuildFile; fileRef = E20000070000000000000001 /* WelcomeView.swift */; };
		E10000070000000000000002 /* GoalsView.swift in Sources */ = {isa = PBXBuildFile; fileRef = E20000070000000000000002 /* GoalsView.swift */; };
		E10000070000000000000003 /* QuizView.swift in Sources */ = {isa = PBXBuildFile; fileRef = E20000070000000000000003 /* QuizView.swift */; };
		E10000070000000000000004 /* TerrainRevealView.swift in Sources */ = {isa = PBXBuildFile; fileRef = E20000070000000000000004 /* TerrainRevealView.swift */; };
		E10000070000000000000005 /* SafetyGateView.swift in Sources */ = {isa = PBXBuildFile; fileRef = E20000070000000000000005 /* SafetyGateView.swift */; };
		E10000070000000000000006 /* NotificationsView.swift in Sources */ = {isa = PBXBuildFile; fileRef = E20000070000000000000006 /* NotificationsView.swift */; };
		E10000070000000000000007 /* OnboardingCoordinatorView.swift in Sources */ = {isa = PBXBuildFile; fileRef = E20000070000000000000007 /* OnboardingCoordinatorView.swift */; };
		CC00000700000000000000A1 /* OnboardingCompleteView.swift in Sources */ = {isa = PBXBuildFile; fileRef = CC00000700000000000000A2 /* OnboardingCompleteView.swift */; };
		DD00000700000000000000A1 /* TutorialPreviewView.swift in Sources */ = {isa = PBXBuildFile; fileRef = DD00000700000000000000A2 /* TutorialPreviewView.swift */; };
		EE00000700000000000000A1 /* HowItWorksView.swift in Sources */ = {isa = PBXBuildFile; fileRef = EE00000700000000000000A2 /* HowItWorksView.swift */; };
		FF00000700000000000000A1 /* PermissionsView.swift in Sources */ = {isa = PBXBuildFile; fileRef = FF00000700000000000000A2 /* PermissionsView.swift */; };
		AA00000700000000000000A1 /* DemographicsView.swift in Sources */ = {isa = PBXBuildFile; fileRef = AA00000700000000000000A2 /* DemographicsView.swift */; };

		/* Features/Today */

		E10000080000000000000002 /* DailyCheckInSheet.swift in Sources */ = {isa = PBXBuildFile; fileRef = E20000080000000000000002 /* DailyCheckInSheet.swift */; };
		E10000080000000000000003 /* RoutineDetailSheet.swift in Sources */ = {isa = PBXBuildFile; fileRef = E20000080000000000000003 /* RoutineDetailSheet.swift */; };
		E10000080000000000000004 /* MovementPlayerSheet.swift in Sources */ = {isa = PBXBuildFile; fileRef = E20000080000000000000004 /* MovementPlayerSheet.swift */; };
		E10000080000000000000005 /* PostRoutineFeedbackSheet.swift in Sources */ = {isa = PBXBuildFile; fileRef = E20000080000000000000005 /* PostRoutineFeedbackSheet.swift */; };



		/* Features/Ingredients */
		E100000A0000000000000001 /* IngredientsView.swift in Sources */ = {isa = PBXBuildFile; fileRef = E200000A0000000000000001 /* IngredientsView.swift */; };
		E100000A0000000000000002 /* IngredientDetailSheet.swift in Sources */ = {isa = PBXBuildFile; fileRef = E200000A0000000000000002 /* IngredientDetailSheet.swift */; };
		E100000A0000000000000003 /* IngredientEmoji.swift in Sources */ = {isa = PBXBuildFile; fileRef = E200000A0000000000000003 /* IngredientEmoji.swift */; };

		/* Features/Learn */
		E100000B0000000000000001 /* LearnView.swift in Sources */ = {isa = PBXBuildFile; fileRef = E200000B0000000000000001 /* LearnView.swift */; };
		E100000B0000000000000002 /* LessonDetailSheet.swift in Sources */ = {isa = PBXBuildFile; fileRef = E200000B0000000000000002 /* LessonDetailSheet.swift */; };





		/* Features/Home */
		E10000100000000000000001 /* HomeView.swift in Sources */ = {isa = PBXBuildFile; fileRef = E20000100000000000000001 /* HomeView.swift */; };
		E10000100000000000000002 /* DateBarView.swift in Sources */ = {isa = PBXBuildFile; fileRef = E20000100000000000000002 /* DateBarView.swift */; };
		E10000100000000000000003 /* HeadlineView.swift in Sources */ = {isa = PBXBuildFile; fileRef = E20000100000000000000003 /* HeadlineView.swift */; };
		E10000100000000000000004 /* TypeBlockView.swift in Sources */ = {isa = PBXBuildFile; fileRef = E20000100000000000000004 /* TypeBlockView.swift */; };
		E10000100000000000000005 /* InlineCheckInView.swift in Sources */ = {isa = PBXBuildFile; fileRef = E20000100000000000000005 /* InlineCheckInView.swift */; };
		E10000100000000000000006 /* DoDontView.swift in Sources */ = {isa = PBXBuildFile; fileRef = E20000100000000000000006 /* DoDontView.swift */; };
		E10000100000000000000008 /* ThemeTodayView.swift in Sources */ = {isa = PBXBuildFile; fileRef = E20000100000000000000008 /* ThemeTodayView.swift */; };
		E10000100000000000000009 /* CapsuleStartCTA.swift in Sources */ = {isa = PBXBuildFile; fileRef = E20000100000000000000009 /* CapsuleStartCTA.swift */; };
		E1000010000000000000000A /* SeasonalCardView.swift in Sources */ = {isa = PBXBuildFile; fileRef = E2000010000000000000000A /* SeasonalCardView.swift */; };
		E1000010000000000000000B /* HomeHeaderView.swift in Sources */ = {isa = PBXBuildFile; fileRef = E2000010000000000000000B /* HomeHeaderView.swift */; };
		E1000010000000000000000C /* LifeAreaRow.swift in Sources */ = {isa = PBXBuildFile; fileRef = E2000010000000000000000C /* LifeAreaRow.swift */; };
		E1000010000000000000000D /* LifeAreaDetailSheet.swift in Sources */ = {isa = PBXBuildFile; fileRef = E2000010000000000000000D /* LifeAreaDetailSheet.swift */; };
		E1000010000000000000000E /* DailySurveySheet.swift in Sources */ = {isa = PBXBuildFile; fileRef = E2000010000000000000000E /* DailySurveySheet.swift */; };

		/* Features/Do */
		E10000110000000000000001 /* DoView.swift in Sources */ = {isa = PBXBuildFile; fileRef = E20000110000000000000001 /* DoView.swift */; };
		E10000110000000000000002 /* DayPhase.swift in Sources */ = {isa = PBXBuildFile; fileRef = E20000110000000000000002 /* DayPhase.swift */; };

		/* Features/You */
		E10000120000000000000001 /* YouView.swift in Sources */ = {isa = PBXBuildFile; fileRef = E20000120000000000000001 /* YouView.swift */; };
		E10000120000000000000009 /* TerrainHeroHeaderView.swift in Sources */ = {isa = PBXBuildFile; fileRef = E20000120000000000000009 /* TerrainHeroHeaderView.swift */; };
		E1000012000000000000000A /* EnhancedPatternMapView.swift in Sources */ = {isa = PBXBuildFile; fileRef = E2000012000000000000000A /* EnhancedPatternMapView.swift */; };
		E1000012000000000000000B /* TerrainIdentityView.swift in Sources */ = {isa = PBXBuildFile; fileRef = E2000012000000000000000B /* TerrainIdentityView.swift */; };
		E10000040000000000000007 /* TerrainCopy.swift in Sources */ = {isa = PBXBuildFile; fileRef = E20000040000000000000007 /* TerrainCopy.swift */; };
		E10000120000000000000004 /* SignalsView.swift in Sources */ = {isa = PBXBuildFile; fileRef = E20000120000000000000004 /* SignalsView.swift */; };
		E10000120000000000000005 /* DefaultsView.swift in Sources */ = {isa = PBXBuildFile; fileRef = E20000120000000000000005 /* DefaultsView.swift */; };
		E10000120000000000000006 /* WatchForsView.swift in Sources */ = {isa = PBXBuildFile; fileRef = E20000120000000000000006 /* WatchForsView.swift */; };
		E10000120000000000000007 /* EvolutionTrendsView.swift in Sources */ = {isa = PBXBuildFile; fileRef = E20000120000000000000007 /* EvolutionTrendsView.swift */; };
		E10000120000000000000008 /* PreferencesSafetyView.swift in Sources */ = {isa = PBXBuildFile; fileRef = E20000120000000000000008 /* PreferencesSafetyView.swift */; };
		E1000012000000000000000C /* TrendSparklineCard.swift in Sources */ = {isa = PBXBuildFile; fileRef = E2000012000000000000000C /* TrendSparklineCard.swift */; };
		E1000012000000000000000D /* RoutineEffectivenessCard.swift in Sources */ = {isa = PBXBuildFile; fileRef = E2000012000000000000000D /* RoutineEffectivenessCard.swift */; };
		E1000012000000000000000E /* SymptomHeatmapView.swift in Sources */ = {isa = PBXBuildFile; fileRef = E2000012000000000000000E /* SymptomHeatmapView.swift */; };
		E1000012000000000000000F /* TerrainPulseCard.swift in Sources */ = {isa = PBXBuildFile; fileRef = E2000012000000000000000F /* TerrainPulseCard.swift */; };
		E10000120000000000000010 /* AnnotatedTrendCard.swift in Sources */ = {isa = PBXBuildFile; fileRef = E20000120000000000000010 /* AnnotatedTrendCard.swift */; };
		E10000120000000000000011 /* ActivityLogCard.swift in Sources */ = {isa = PBXBuildFile; fileRef = E20000120000000000000011 /* ActivityLogCard.swift */; };

		/* Features/Auth */
		E10000140000000000000001 /* AuthView.swift in Sources */ = {isa = PBXBuildFile; fileRef = E20000140000000000000001 /* AuthView.swift */; };

		/* Features/You - Quiz Edit */
		A1B2C3D4E5F6A7B8C9D0E2F2 /* QuizEditView.swift in Sources */ = {isa = PBXBuildFile; fileRef = A1B2C3D4E5F6A7B8C9D0E1F2 /* QuizEditView.swift */; };
		A1B2C3D4E5F6A7B8C9D0E2F3 /* QuizEditResultView.swift in Sources */ = {isa = PBXBuildFile; fileRef = A1B2C3D4E5F6A7B8C9D0E1F3 /* QuizEditResultView.swift */; };

		/* Core/Services - HealthService */
		A1B2C3D4E5F6A7B8C9D0E2F4 /* HealthService.swift in Sources */ = {isa = PBXBuildFile; fileRef = A1B2C3D4E5F6A7B8C9D0E1F4 /* HealthService.swift */; };

		/* Core/Services - NotificationService */
		B1C2D3E4F5A6B7C8D9E0F1A2 /* NotificationService.swift in Sources */ = {isa = PBXBuildFile; fileRef = B1C2D3E4F5A6B7C8D9E0F1A1 /* NotificationService.swift */; };

		/* Features/Home/Components - WeatherHealthBarView */
		A1B2C3D4E5F6A7B8C9D0E2F5 /* WeatherHealthBarView.swift in Sources */ = {isa = PBXBuildFile; fileRef = A1B2C3D4E5F6A7B8C9D0E1F5 /* WeatherHealthBarView.swift */; };

		/* Frameworks */
		A1B2C3D4E5F6A7B8C9D0E2F6 /* HealthKit.framework in Frameworks */ = {isa = PBXBuildFile; fileRef = A1B2C3D4E5F6A7B8C9D0E1F6 /* HealthKit.framework */; settings = {ATTRIBUTES = (Weak, ); }; };

		/* Core/Models/Shared - YouViewModels + CommunityStats */
		E10000040000000000000006 /* YouViewModels.swift in Sources */ = {isa = PBXBuildFile; fileRef = E20000040000000000000006 /* YouViewModels.swift */; };
		E10000040000000000000008 /* CommunityStats.swift in Sources */ = {isa = PBXBuildFile; fileRef = E20000040000000000000008 /* CommunityStats.swift */; };

		/* Core/Models/Shared - QuickNeed */
		E10000040000000000000009 /* QuickNeed.swift in Sources */ = {isa = PBXBuildFile; fileRef = E20000040000000000000009 /* QuickNeed.swift */; };

		/* Core/Models/Shared - TerrainPulseCheckIn */
		E10000040000000000000010 /* TerrainPulseCheckIn.swift in Sources */ = {isa = PBXBuildFile; fileRef = E20000040000000000000010 /* TerrainPulseCheckIn.swift */; };

		/* Core/Engine - TerrainDriftDetector */
		E10000050000000000000002 /* TerrainDriftDetector.swift in Sources */ = {isa = PBXBuildFile; fileRef = E20000050000000000000002 /* TerrainDriftDetector.swift */; };

		/* Features/You/Components - PulseCheckInView */
		E10000120000000000000012 /* PulseCheckInView.swift in Sources */ = {isa = PBXBuildFile; fileRef = E20000120000000000000012 /* PulseCheckInView.swift */; };

		/* Core/Services - Constitution & Trends & Suggestions & Sync */
		E10000060000000000000003 /* ConstitutionService.swift in Sources */ = {isa = PBXBuildFile; fileRef = E20000060000000000000003 /* ConstitutionService.swift */; };
		E10000060000000000000004 /* TrendEngine.swift in Sources */ = {isa = PBXBuildFile; fileRef = E20000060000000000000004 /* TrendEngine.swift */; };
		E10000060000000000000005 /* SuggestionEngine.swift in Sources */ = {isa = PBXBuildFile; fileRef = E20000060000000000000005 /* SuggestionEngine.swift */; };
		E10000060000000000000006 /* SupabaseSyncService.swift in Sources */ = {isa = PBXBuildFile; fileRef = E20000060000000000000006 /* SupabaseSyncService.swift */; };
		E10000060000000000000007 /* TerrainLogger.swift in Sources */ = {isa = PBXBuildFile; fileRef = E20000060000000000000007 /* TerrainLogger.swift */; };
		E10000060000000000000008 /* WeatherService.swift in Sources */ = {isa = PBXBuildFile; fileRef = E20000060000000000000008 /* WeatherService.swift */; };

		/* DesignSystem/Theme */
		E100000D0000000000000001 /* TerrainTheme.swift in Sources */ = {isa = PBXBuildFile; fileRef = E200000D0000000000000001 /* TerrainTheme.swift */; };

		/* DesignSystem/Components */
		E100000E0000000000000001 /* TerrainButton.swift in Sources */ = {isa = PBXBuildFile; fileRef = E200000E0000000000000001 /* TerrainButton.swift */; };
		E100000E0000000000000002 /* TerrainCard.swift in Sources */ = {isa = PBXBuildFile; fileRef = E200000E0000000000000002 /* TerrainCard.swift */; };
		E100000E0000000000000003 /* TerrainTextField.swift in Sources */ = {isa = PBXBuildFile; fileRef = E200000E0000000000000003 /* TerrainTextField.swift */; };
		E100000E0000000000000004 /* TerrainEmptyState.swift in Sources */ = {isa = PBXBuildFile; fileRef = E200000E0000000000000004 /* TerrainEmptyState.swift */; };
		E100000E0000000000000005 /* SkeletonLoader.swift in Sources */ = {isa = PBXBuildFile; fileRef = E200000E0000000000000005 /* SkeletonLoader.swift */; };
		E100000E0000000000000050 /* SafariView.swift in Sources */ = {isa = PBXBuildFile; fileRef = E200000E0000000000000050 /* SafariView.swift */; };
		E100000E0000000000000052 /* AmbientBackground.swift in Sources */ = {isa = PBXBuildFile; fileRef = E200000E0000000000000052 /* AmbientBackground.swift */; };
		E100000E0000000000000053 /* ParallaxHeroImage.swift in Sources */ = {isa = PBXBuildFile; fileRef = E200000E0000000000000053 /* ParallaxHeroImage.swift */; };
		E100000E0000000000000054 /* StepJourneyConnector.swift in Sources */ = {isa = PBXBuildFile; fileRef = E200000E0000000000000054 /* StepJourneyConnector.swift */; };

		/* Core/Constants */
		E100000E0000000000000051 /* LegalURLs.swift in Sources */ = {isa = PBXBuildFile; fileRef = E200000E0000000000000051 /* LegalURLs.swift */; };

		/* DesignSystem/Utilities */
		E100000E0000000000000006 /* HapticManager.swift in Sources */ = {isa = PBXBuildFile; fileRef = E200000E0000000000000006 /* HapticManager.swift */; };
		E100000E0000000000000007 /* TerrainPatternBackground.swift in Sources */ = {isa = PBXBuildFile; fileRef = E200000E0000000000000007 /* TerrainPatternBackground.swift */; };

		/* Features/Programs */
		E100000F0000000000000010 /* ProgramsView.swift in Sources */ = {isa = PBXBuildFile; fileRef = E200000F0000000000000010 /* ProgramsView.swift */; };
		E100000F0000000000000011 /* ProgramDetailSheet.swift in Sources */ = {isa = PBXBuildFile; fileRef = E200000F0000000000000011 /* ProgramDetailSheet.swift */; };
		E100000F0000000000000012 /* ProgramDayView.swift in Sources */ = {isa = PBXBuildFile; fileRef = E200000F0000000000000012 /* ProgramDayView.swift */; };

		/* Resources */
		E100000F0000000000000001 /* base-content-pack.json in Resources */ = {isa = PBXBuildFile; fileRef = E200000F0000000000000001 /* base-content-pack.json */; };
		E100000F0000000000000002 /* Supabase.plist in Resources */ = {isa = PBXBuildFile; fileRef = E200000F0000000000000002 /* Supabase.plist */; };
		E100000F0000000000000003 /* Assets.xcassets in Resources */ = {isa = PBXBuildFile; fileRef = E200000F0000000000000003 /* Assets.xcassets */; };
		E100000F0000000000000004 /* PrivacyInfo.xcprivacy in Resources */ = {isa = PBXBuildFile; fileRef = E200000F0000000000000004 /* PrivacyInfo.xcprivacy */; };

		/* Tests */
		E1000013000000000000000A /* ConstitutionServiceTests.swift in Sources */ = {isa = PBXBuildFile; fileRef = E2000013000000000000000A /* ConstitutionServiceTests.swift */; };
		E1000013000000000000000B /* TerrainScoringEngineTests.swift in Sources */ = {isa = PBXBuildFile; fileRef = E2000013000000000000000B /* TerrainScoringEngineTests.swift */; };
		E1000013000000000000000C /* SuggestionEngineTests.swift in Sources */ = {isa = PBXBuildFile; fileRef = E2000013000000000000000C /* SuggestionEngineTests.swift */; };
		E1000013000000000000000D /* ContentPackValidationTests.swift in Sources */ = {isa = PBXBuildFile; fileRef = E2000013000000000000000D /* ContentPackValidationTests.swift */; };
		E1000013000000000000000E /* DayPhaseTests.swift in Sources */ = {isa = PBXBuildFile; fileRef = E2000013000000000000000E /* DayPhaseTests.swift */; };
		E1000013000000000000000F /* IngredientBenefitTests.swift in Sources */ = {isa = PBXBuildFile; fileRef = E2000013000000000000000F /* IngredientBenefitTests.swift */; };
		E10000130000000000000010 /* InsightEngineTests.swift in Sources */ = {isa = PBXBuildFile; fileRef = E20000130000000000000010 /* InsightEngineTests.swift */; };
		E10000130000000000000011 /* OnboardingDataConsistencyTests.swift in Sources */ = {isa = PBXBuildFile; fileRef = E20000130000000000000011 /* OnboardingDataConsistencyTests.swift */; };
		E10000130000000000000012 /* TrendEngineTests.swift in Sources */ = {isa = PBXBuildFile; fileRef = E20000130000000000000012 /* TrendEngineTests.swift */; };
		E10000130000000000000013 /* SyncDateFormattersTests.swift in Sources */ = {isa = PBXBuildFile; fileRef = E20000130000000000000013 /* SyncDateFormattersTests.swift */; };
		E10000130000000000000014 /* SyncFieldsRoundTripTests.swift in Sources */ = {isa = PBXBuildFile; fileRef = E20000130000000000000014 /* SyncFieldsRoundTripTests.swift */; };
		E10000130000000000000016 /* TerrainDriftDetectorTests.swift in Sources */ = {isa = PBXBuildFile; fileRef = E20000130000000000000016 /* TerrainDriftDetectorTests.swift */; };
		E10000130000000000000015 /* HealthTrendTests.swift in Sources */ = {isa = PBXBuildFile; fileRef = E20000130000000000000015 /* HealthTrendTests.swift */; };
/* End PBXBuildFile section */

/* Begin PBXFileReference section */
		E00000000000000000000001 /* Terrain.app */ = {isa = PBXFileReference; explicitFileType = wrapper.application; includeInIndex = 0; path = Terrain.app; sourceTree = BUILT_PRODUCTS_DIR; };

		/* App */
		E20000010000000000000001 /* TerrainApp.swift */ = {isa = PBXFileReference; lastKnownFileType = sourcecode.swift; path = TerrainApp.swift; sourceTree = "<group>"; };
		E20000010000000000000002 /* MainTabView.swift */ = {isa = PBXFileReference; lastKnownFileType = sourcecode.swift; path = MainTabView.swift; sourceTree = "<group>"; };
		E20000010000000000000003 /* NavigationCoordinator.swift */ = {isa = PBXFileReference; lastKnownFileType = sourcecode.swift; path = NavigationCoordinator.swift; sourceTree = "<group>"; };

		/* Core/Models */
		E20000020000000000000010 /* TerrainSchemaV1.swift */ = {isa = PBXFileReference; lastKnownFileType = sourcecode.swift; path = TerrainSchemaV1.swift; sourceTree = "<group>"; };

		/* Core/Models/Content */
		E20000020000000000000001 /* Ingredient.swift */ = {isa = PBXFileReference; lastKnownFileType = sourcecode.swift; path = Ingredient.swift; sourceTree = "<group>"; };
		E20000020000000000000002 /* Lesson.swift */ = {isa = PBXFileReference; lastKnownFileType = sourcecode.swift; path = Lesson.swift; sourceTree = "<group>"; };
		E20000020000000000000003 /* Movement.swift */ = {isa = PBXFileReference; lastKnownFileType = sourcecode.swift; path = Movement.swift; sourceTree = "<group>"; };
		E20000020000000000000004 /* Program.swift */ = {isa = PBXFileReference; lastKnownFileType = sourcecode.swift; path = Program.swift; sourceTree = "<group>"; };
		E20000020000000000000005 /* Routine.swift */ = {isa = PBXFileReference; lastKnownFileType = sourcecode.swift; path = Routine.swift; sourceTree = "<group>"; };
		E20000020000000000000006 /* TerrainProfile.swift */ = {isa = PBXFileReference; lastKnownFileType = sourcecode.swift; path = TerrainProfile.swift; sourceTree = "<group>"; };

		/* Core/Models/User */
		E20000030000000000000001 /* UserProfile.swift */ = {isa = PBXFileReference; lastKnownFileType = sourcecode.swift; path = UserProfile.swift; sourceTree = "<group>"; };
		E20000030000000000000002 /* UserCabinet.swift */ = {isa = PBXFileReference; lastKnownFileType = sourcecode.swift; path = UserCabinet.swift; sourceTree = "<group>"; };
		E20000030000000000000003 /* DailyLog.swift */ = {isa = PBXFileReference; lastKnownFileType = sourcecode.swift; path = DailyLog.swift; sourceTree = "<group>"; };
		E20000030000000000000004 /* ProgressRecord.swift */ = {isa = PBXFileReference; lastKnownFileType = sourcecode.swift; path = ProgressRecord.swift; sourceTree = "<group>"; };
		E20000030000000000000005 /* ProgramEnrollment.swift */ = {isa = PBXFileReference; lastKnownFileType = sourcecode.swift; path = ProgramEnrollment.swift; sourceTree = "<group>"; };

		/* Core/Models/Shared */
		E20000040000000000000001 /* LocalizedString.swift */ = {isa = PBXFileReference; lastKnownFileType = sourcecode.swift; path = LocalizedString.swift; sourceTree = "<group>"; };
		E20000040000000000000002 /* Tags.swift */ = {isa = PBXFileReference; lastKnownFileType = sourcecode.swift; path = Tags.swift; sourceTree = "<group>"; };
		E20000040000000000000003 /* SafetyFlags.swift */ = {isa = PBXFileReference; lastKnownFileType = sourcecode.swift; path = SafetyFlags.swift; sourceTree = "<group>"; };
		E20000040000000000000004 /* MediaAsset.swift */ = {isa = PBXFileReference; lastKnownFileType = sourcecode.swift; path = MediaAsset.swift; sourceTree = "<group>"; };
		E20000040000000000000005 /* HomeInsightModels.swift */ = {isa = PBXFileReference; lastKnownFileType = sourcecode.swift; path = HomeInsightModels.swift; sourceTree = "<group>"; };

		/* Core/Engine */
		E20000050000000000000001 /* TerrainScoringEngine.swift */ = {isa = PBXFileReference; lastKnownFileType = sourcecode.swift; path = TerrainScoringEngine.swift; sourceTree = "<group>"; };

		/* Core/Services */
		E20000060000000000000001 /* ContentPackService.swift */ = {isa = PBXFileReference; lastKnownFileType = sourcecode.swift; path = ContentPackService.swift; sourceTree = "<group>"; };
		E20000060000000000000002 /* InsightEngine.swift */ = {isa = PBXFileReference; lastKnownFileType = sourcecode.swift; path = InsightEngine.swift; sourceTree = "<group>"; };

		/* Features/Onboarding */
		E20000070000000000000001 /* WelcomeView.swift */ = {isa = PBXFileReference; lastKnownFileType = sourcecode.swift; path = WelcomeView.swift; sourceTree = "<group>"; };
		E20000070000000000000002 /* GoalsView.swift */ = {isa = PBXFileReference; lastKnownFileType = sourcecode.swift; path = GoalsView.swift; sourceTree = "<group>"; };
		E20000070000000000000003 /* QuizView.swift */ = {isa = PBXFileReference; lastKnownFileType = sourcecode.swift; path = QuizView.swift; sourceTree = "<group>"; };
		E20000070000000000000004 /* TerrainRevealView.swift */ = {isa = PBXFileReference; lastKnownFileType = sourcecode.swift; path = TerrainRevealView.swift; sourceTree = "<group>"; };
		E20000070000000000000005 /* SafetyGateView.swift */ = {isa = PBXFileReference; lastKnownFileType = sourcecode.swift; path = SafetyGateView.swift; sourceTree = "<group>"; };
		E20000070000000000000006 /* NotificationsView.swift */ = {isa = PBXFileReference; lastKnownFileType = sourcecode.swift; path = NotificationsView.swift; sourceTree = "<group>"; };
		E20000070000000000000007 /* OnboardingCoordinatorView.swift */ = {isa = PBXFileReference; lastKnownFileType = sourcecode.swift; path = OnboardingCoordinatorView.swift; sourceTree = "<group>"; };
		CC00000700000000000000A2 /* OnboardingCompleteView.swift */ = {isa = PBXFileReference; lastKnownFileType = sourcecode.swift; path = OnboardingCompleteView.swift; sourceTree = "<group>"; };
		DD00000700000000000000A2 /* TutorialPreviewView.swift */ = {isa = PBXFileReference; lastKnownFileType = sourcecode.swift; path = TutorialPreviewView.swift; sourceTree = "<group>"; };
		EE00000700000000000000A2 /* HowItWorksView.swift */ = {isa = PBXFileReference; lastKnownFileType = sourcecode.swift; path = HowItWorksView.swift; sourceTree = "<group>"; };
		FF00000700000000000000A2 /* PermissionsView.swift */ = {isa = PBXFileReference; lastKnownFileType = sourcecode.swift; path = PermissionsView.swift; sourceTree = "<group>"; };
		AA00000700000000000000A2 /* DemographicsView.swift */ = {isa = PBXFileReference; lastKnownFileType = sourcecode.swift; path = DemographicsView.swift; sourceTree = "<group>"; };

		/* Features/Today */

		E20000080000000000000002 /* DailyCheckInSheet.swift */ = {isa = PBXFileReference; lastKnownFileType = sourcecode.swift; path = DailyCheckInSheet.swift; sourceTree = "<group>"; };
		E20000080000000000000003 /* RoutineDetailSheet.swift */ = {isa = PBXFileReference; lastKnownFileType = sourcecode.swift; path = RoutineDetailSheet.swift; sourceTree = "<group>"; };
		E20000080000000000000004 /* MovementPlayerSheet.swift */ = {isa = PBXFileReference; lastKnownFileType = sourcecode.swift; path = MovementPlayerSheet.swift; sourceTree = "<group>"; };
		E20000080000000000000005 /* PostRoutineFeedbackSheet.swift */ = {isa = PBXFileReference; lastKnownFileType = sourcecode.swift; path = PostRoutineFeedbackSheet.swift; sourceTree = "<group>"; };



		/* Features/Ingredients */
		E200000A0000000000000001 /* IngredientsView.swift */ = {isa = PBXFileReference; lastKnownFileType = sourcecode.swift; path = IngredientsView.swift; sourceTree = "<group>"; };
		E200000A0000000000000002 /* IngredientDetailSheet.swift */ = {isa = PBXFileReference; lastKnownFileType = sourcecode.swift; path = IngredientDetailSheet.swift; sourceTree = "<group>"; };
		E200000A0000000000000003 /* IngredientEmoji.swift */ = {isa = PBXFileReference; lastKnownFileType = sourcecode.swift; path = IngredientEmoji.swift; sourceTree = "<group>"; };

		/* Features/Learn */
		E200000B0000000000000001 /* LearnView.swift */ = {isa = PBXFileReference; lastKnownFileType = sourcecode.swift; path = LearnView.swift; sourceTree = "<group>"; };
		E200000B0000000000000002 /* LessonDetailSheet.swift */ = {isa = PBXFileReference; lastKnownFileType = sourcecode.swift; path = LessonDetailSheet.swift; sourceTree = "<group>"; };





		/* Features/Home */
		E20000100000000000000001 /* HomeView.swift */ = {isa = PBXFileReference; lastKnownFileType = sourcecode.swift; path = HomeView.swift; sourceTree = "<group>"; };
		E20000100000000000000002 /* DateBarView.swift */ = {isa = PBXFileReference; lastKnownFileType = sourcecode.swift; path = DateBarView.swift; sourceTree = "<group>"; };
		E20000100000000000000003 /* HeadlineView.swift */ = {isa = PBXFileReference; lastKnownFileType = sourcecode.swift; path = HeadlineView.swift; sourceTree = "<group>"; };
		E20000100000000000000004 /* TypeBlockView.swift */ = {isa = PBXFileReference; lastKnownFileType = sourcecode.swift; path = TypeBlockView.swift; sourceTree = "<group>"; };
		E20000100000000000000005 /* InlineCheckInView.swift */ = {isa = PBXFileReference; lastKnownFileType = sourcecode.swift; path = InlineCheckInView.swift; sourceTree = "<group>"; };
		E20000100000000000000006 /* DoDontView.swift */ = {isa = PBXFileReference; lastKnownFileType = sourcecode.swift; path = DoDontView.swift; sourceTree = "<group>"; };
		E20000100000000000000008 /* ThemeTodayView.swift */ = {isa = PBXFileReference; lastKnownFileType = sourcecode.swift; path = ThemeTodayView.swift; sourceTree = "<group>"; };
		E20000100000000000000009 /* CapsuleStartCTA.swift */ = {isa = PBXFileReference; lastKnownFileType = sourcecode.swift; path = CapsuleStartCTA.swift; sourceTree = "<group>"; };
		E2000010000000000000000A /* SeasonalCardView.swift */ = {isa = PBXFileReference; lastKnownFileType = sourcecode.swift; path = SeasonalCardView.swift; sourceTree = "<group>"; };
		E2000010000000000000000B /* HomeHeaderView.swift */ = {isa = PBXFileReference; lastKnownFileType = sourcecode.swift; path = HomeHeaderView.swift; sourceTree = "<group>"; };
		E2000010000000000000000C /* LifeAreaRow.swift */ = {isa = PBXFileReference; lastKnownFileType = sourcecode.swift; path = LifeAreaRow.swift; sourceTree = "<group>"; };
		E2000010000000000000000D /* LifeAreaDetailSheet.swift */ = {isa = PBXFileReference; lastKnownFileType = sourcecode.swift; path = LifeAreaDetailSheet.swift; sourceTree = "<group>"; };
		E2000010000000000000000E /* DailySurveySheet.swift */ = {isa = PBXFileReference; lastKnownFileType = sourcecode.swift; path = DailySurveySheet.swift; sourceTree = "<group>"; };

		/* Features/Do */
		E20000110000000000000001 /* DoView.swift */ = {isa = PBXFileReference; lastKnownFileType = sourcecode.swift; path = DoView.swift; sourceTree = "<group>"; };
		E20000110000000000000002 /* DayPhase.swift */ = {isa = PBXFileReference; lastKnownFileType = sourcecode.swift; path = DayPhase.swift; sourceTree = "<group>"; };

		/* Features/You */
		E20000120000000000000001 /* YouView.swift */ = {isa = PBXFileReference; lastKnownFileType = sourcecode.swift; path = YouView.swift; sourceTree = "<group>"; };
		E20000120000000000000009 /* TerrainHeroHeaderView.swift */ = {isa = PBXFileReference; lastKnownFileType = sourcecode.swift; path = TerrainHeroHeaderView.swift; sourceTree = "<group>"; };
		E2000012000000000000000A /* EnhancedPatternMapView.swift */ = {isa = PBXFileReference; lastKnownFileType = sourcecode.swift; path = EnhancedPatternMapView.swift; sourceTree = "<group>"; };
		E2000012000000000000000B /* TerrainIdentityView.swift */ = {isa = PBXFileReference; lastKnownFileType = sourcecode.swift; path = TerrainIdentityView.swift; sourceTree = "<group>"; };
		E20000120000000000000004 /* SignalsView.swift */ = {isa = PBXFileReference; lastKnownFileType = sourcecode.swift; path = SignalsView.swift; sourceTree = "<group>"; };
		E20000120000000000000005 /* DefaultsView.swift */ = {isa = PBXFileReference; lastKnownFileType = sourcecode.swift; path = DefaultsView.swift; sourceTree = "<group>"; };
		E20000120000000000000006 /* WatchForsView.swift */ = {isa = PBXFileReference; lastKnownFileType = sourcecode.swift; path = WatchForsView.swift; sourceTree = "<group>"; };
		E20000120000000000000007 /* EvolutionTrendsView.swift */ = {isa = PBXFileReference; lastKnownFileType = sourcecode.swift; path = EvolutionTrendsView.swift; sourceTree = "<group>"; };
		E20000120000000000000008 /* PreferencesSafetyView.swift */ = {isa = PBXFileReference; lastKnownFileType = sourcecode.swift; path = PreferencesSafetyView.swift; sourceTree = "<group>"; };
		E2000012000000000000000C /* TrendSparklineCard.swift */ = {isa = PBXFileReference; lastKnownFileType = sourcecode.swift; path = TrendSparklineCard.swift; sourceTree = "<group>"; };
		E2000012000000000000000D /* RoutineEffectivenessCard.swift */ = {isa = PBXFileReference; lastKnownFileType = sourcecode.swift; path = RoutineEffectivenessCard.swift; sourceTree = "<group>"; };
		E2000012000000000000000E /* SymptomHeatmapView.swift */ = {isa = PBXFileReference; lastKnownFileType = sourcecode.swift; path = SymptomHeatmapView.swift; sourceTree = "<group>"; };
		E2000012000000000000000F /* TerrainPulseCard.swift */ = {isa = PBXFileReference; lastKnownFileType = sourcecode.swift; path = TerrainPulseCard.swift; sourceTree = "<group>"; };
		E20000120000000000000010 /* AnnotatedTrendCard.swift */ = {isa = PBXFileReference; lastKnownFileType = sourcecode.swift; path = AnnotatedTrendCard.swift; sourceTree = "<group>"; };
		E20000120000000000000011 /* ActivityLogCard.swift */ = {isa = PBXFileReference; lastKnownFileType = sourcecode.swift; path = ActivityLogCard.swift; sourceTree = "<group>"; };

		/* Features/Auth */
		E20000140000000000000001 /* AuthView.swift */ = {isa = PBXFileReference; lastKnownFileType = sourcecode.swift; path = AuthView.swift; sourceTree = "<group>"; };

		/* Features/You - Quiz Edit */
		A1B2C3D4E5F6A7B8C9D0E1F2 /* QuizEditView.swift */ = {isa = PBXFileReference; lastKnownFileType = sourcecode.swift; path = QuizEditView.swift; sourceTree = "<group>"; };
		A1B2C3D4E5F6A7B8C9D0E1F3 /* QuizEditResultView.swift */ = {isa = PBXFileReference; lastKnownFileType = sourcecode.swift; path = QuizEditResultView.swift; sourceTree = "<group>"; };

		/* Core/Services - HealthService */
		A1B2C3D4E5F6A7B8C9D0E1F4 /* HealthService.swift */ = {isa = PBXFileReference; lastKnownFileType = sourcecode.swift; path = HealthService.swift; sourceTree = "<group>"; };

		/* Core/Services - NotificationService */
		B1C2D3E4F5A6B7C8D9E0F1A1 /* NotificationService.swift */ = {isa = PBXFileReference; lastKnownFileType = sourcecode.swift; path = NotificationService.swift; sourceTree = "<group>"; };

		/* Features/Home/Components - WeatherHealthBarView */
		A1B2C3D4E5F6A7B8C9D0E1F5 /* WeatherHealthBarView.swift */ = {isa = PBXFileReference; lastKnownFileType = sourcecode.swift; path = WeatherHealthBarView.swift; sourceTree = "<group>"; };

		/* Frameworks */
		A1B2C3D4E5F6A7B8C9D0E1F6 /* HealthKit.framework */ = {isa = PBXFileReference; lastKnownFileType = wrapper.framework; name = HealthKit.framework; path = System/Library/Frameworks/HealthKit.framework; sourceTree = SDKROOT; };

		/* Core/Models/Shared - YouViewModels + TerrainCopy */
		E20000040000000000000006 /* YouViewModels.swift */ = {isa = PBXFileReference; lastKnownFileType = sourcecode.swift; path = YouViewModels.swift; sourceTree = "<group>"; };
		E20000040000000000000007 /* TerrainCopy.swift */ = {isa = PBXFileReference; lastKnownFileType = sourcecode.swift; path = TerrainCopy.swift; sourceTree = "<group>"; };
		E20000040000000000000008 /* CommunityStats.swift */ = {isa = PBXFileReference; lastKnownFileType = sourcecode.swift; path = CommunityStats.swift; sourceTree = "<group>"; };

		/* Core/Models/Shared - QuickNeed */
		E20000040000000000000009 /* QuickNeed.swift */ = {isa = PBXFileReference; lastKnownFileType = sourcecode.swift; path = QuickNeed.swift; sourceTree = "<group>"; };

		/* Core/Models/Shared - TerrainPulseCheckIn */
		E20000040000000000000010 /* TerrainPulseCheckIn.swift */ = {isa = PBXFileReference; lastKnownFileType = sourcecode.swift; path = TerrainPulseCheckIn.swift; sourceTree = "<group>"; };

		/* Core/Engine - TerrainDriftDetector */
		E20000050000000000000002 /* TerrainDriftDetector.swift */ = {isa = PBXFileReference; lastKnownFileType = sourcecode.swift; path = TerrainDriftDetector.swift; sourceTree = "<group>"; };

		/* Features/You/Components - PulseCheckInView */
		E20000120000000000000012 /* PulseCheckInView.swift */ = {isa = PBXFileReference; lastKnownFileType = sourcecode.swift; path = PulseCheckInView.swift; sourceTree = "<group>"; };

		/* Core/Services - Constitution & Trends & Suggestions & Sync */
		E20000060000000000000003 /* ConstitutionService.swift */ = {isa = PBXFileReference; lastKnownFileType = sourcecode.swift; path = ConstitutionService.swift; sourceTree = "<group>"; };
		E20000060000000000000004 /* TrendEngine.swift */ = {isa = PBXFileReference; lastKnownFileType = sourcecode.swift; path = TrendEngine.swift; sourceTree = "<group>"; };
		E20000060000000000000005 /* SuggestionEngine.swift */ = {isa = PBXFileReference; lastKnownFileType = sourcecode.swift; path = SuggestionEngine.swift; sourceTree = "<group>"; };
		E20000060000000000000006 /* SupabaseSyncService.swift */ = {isa = PBXFileReference; lastKnownFileType = sourcecode.swift; path = SupabaseSyncService.swift; sourceTree = "<group>"; };
		E20000060000000000000007 /* TerrainLogger.swift */ = {isa = PBXFileReference; lastKnownFileType = sourcecode.swift; path = TerrainLogger.swift; sourceTree = "<group>"; };
		E20000060000000000000008 /* WeatherService.swift */ = {isa = PBXFileReference; lastKnownFileType = sourcecode.swift; path = WeatherService.swift; sourceTree = "<group>"; };

		/* DesignSystem/Theme */
		E200000D0000000000000001 /* TerrainTheme.swift */ = {isa = PBXFileReference; lastKnownFileType = sourcecode.swift; path = TerrainTheme.swift; sourceTree = "<group>"; };

		/* DesignSystem/Components */
		E200000E0000000000000001 /* TerrainButton.swift */ = {isa = PBXFileReference; lastKnownFileType = sourcecode.swift; path = TerrainButton.swift; sourceTree = "<group>"; };
		E200000E0000000000000002 /* TerrainCard.swift */ = {isa = PBXFileReference; lastKnownFileType = sourcecode.swift; path = TerrainCard.swift; sourceTree = "<group>"; };
		E200000E0000000000000003 /* TerrainTextField.swift */ = {isa = PBXFileReference; lastKnownFileType = sourcecode.swift; path = TerrainTextField.swift; sourceTree = "<group>"; };
		E200000E0000000000000004 /* TerrainEmptyState.swift */ = {isa = PBXFileReference; lastKnownFileType = sourcecode.swift; path = TerrainEmptyState.swift; sourceTree = "<group>"; };
		E200000E0000000000000005 /* SkeletonLoader.swift */ = {isa = PBXFileReference; lastKnownFileType = sourcecode.swift; path = SkeletonLoader.swift; sourceTree = "<group>"; };
		E200000E0000000000000050 /* SafariView.swift */ = {isa = PBXFileReference; lastKnownFileType = sourcecode.swift; path = SafariView.swift; sourceTree = "<group>"; };
		E200000E0000000000000052 /* AmbientBackground.swift */ = {isa = PBXFileReference; lastKnownFileType = sourcecode.swift; path = AmbientBackground.swift; sourceTree = "<group>"; };
		E200000E0000000000000053 /* ParallaxHeroImage.swift */ = {isa = PBXFileReference; lastKnownFileType = sourcecode.swift; path = ParallaxHeroImage.swift; sourceTree = "<group>"; };
		E200000E0000000000000054 /* StepJourneyConnector.swift */ = {isa = PBXFileReference; lastKnownFileType = sourcecode.swift; path = StepJourneyConnector.swift; sourceTree = "<group>"; };

		/* Core/Constants */
		E200000E0000000000000051 /* LegalURLs.swift */ = {isa = PBXFileReference; lastKnownFileType = sourcecode.swift; path = LegalURLs.swift; sourceTree = "<group>"; };

		/* DesignSystem/Utilities */
		E200000E0000000000000006 /* HapticManager.swift */ = {isa = PBXFileReference; lastKnownFileType = sourcecode.swift; path = HapticManager.swift; sourceTree = "<group>"; };
		E200000E0000000000000007 /* TerrainPatternBackground.swift */ = {isa = PBXFileReference; lastKnownFileType = sourcecode.swift; path = TerrainPatternBackground.swift; sourceTree = "<group>"; };

		/* Features/Programs */
		E200000F0000000000000010 /* ProgramsView.swift */ = {isa = PBXFileReference; lastKnownFileType = sourcecode.swift; path = ProgramsView.swift; sourceTree = "<group>"; };
		E200000F0000000000000011 /* ProgramDetailSheet.swift */ = {isa = PBXFileReference; lastKnownFileType = sourcecode.swift; path = ProgramDetailSheet.swift; sourceTree = "<group>"; };
		E200000F0000000000000012 /* ProgramDayView.swift */ = {isa = PBXFileReference; lastKnownFileType = sourcecode.swift; path = ProgramDayView.swift; sourceTree = "<group>"; };

		/* Resources */
		E200000F0000000000000001 /* base-content-pack.json */ = {isa = PBXFileReference; lastKnownFileType = text.json; path = "base-content-pack.json"; sourceTree = "<group>"; };
		E200000F0000000000000002 /* Supabase.plist */ = {isa = PBXFileReference; lastKnownFileType = text.plist.xml; path = Supabase.plist; sourceTree = "<group>"; };
		E200000F0000000000000003 /* Assets.xcassets */ = {isa = PBXFileReference; lastKnownFileType = folder.assetcatalog; path = Assets.xcassets; sourceTree = "<group>"; };
		E200000F0000000000000004 /* PrivacyInfo.xcprivacy */ = {isa = PBXFileReference; lastKnownFileType = text.xml; path = PrivacyInfo.xcprivacy; sourceTree = "<group>"; };

		/* Entitlements */
		E200000F0000000000000005 /* Terrain.entitlements */ = {isa = PBXFileReference; lastKnownFileType = text.plist.entitlements; path = Terrain.entitlements; sourceTree = "<group>"; };

		/* Tests */
		E0000000000000000000000T /* TerrainTests.xctest */ = {isa = PBXFileReference; explicitFileType = wrapper.cfbundle; includeInIndex = 0; path = TerrainTests.xctest; sourceTree = BUILT_PRODUCTS_DIR; };
		E2000013000000000000000A /* ConstitutionServiceTests.swift */ = {isa = PBXFileReference; lastKnownFileType = sourcecode.swift; path = ConstitutionServiceTests.swift; sourceTree = "<group>"; };
		E2000013000000000000000B /* TerrainScoringEngineTests.swift */ = {isa = PBXFileReference; lastKnownFileType = sourcecode.swift; path = TerrainScoringEngineTests.swift; sourceTree = "<group>"; };
		E2000013000000000000000C /* SuggestionEngineTests.swift */ = {isa = PBXFileReference; lastKnownFileType = sourcecode.swift; path = SuggestionEngineTests.swift; sourceTree = "<group>"; };
		E2000013000000000000000D /* ContentPackValidationTests.swift */ = {isa = PBXFileReference; lastKnownFileType = sourcecode.swift; path = ContentPackValidationTests.swift; sourceTree = "<group>"; };
		E2000013000000000000000E /* DayPhaseTests.swift */ = {isa = PBXFileReference; lastKnownFileType = sourcecode.swift; path = DayPhaseTests.swift; sourceTree = "<group>"; };
		E2000013000000000000000F /* IngredientBenefitTests.swift */ = {isa = PBXFileReference; lastKnownFileType = sourcecode.swift; path = IngredientBenefitTests.swift; sourceTree = "<group>"; };
		E20000130000000000000010 /* InsightEngineTests.swift */ = {isa = PBXFileReference; lastKnownFileType = sourcecode.swift; path = InsightEngineTests.swift; sourceTree = "<group>"; };
		E20000130000000000000011 /* OnboardingDataConsistencyTests.swift */ = {isa = PBXFileReference; lastKnownFileType = sourcecode.swift; path = OnboardingDataConsistencyTests.swift; sourceTree = "<group>"; };
		E20000130000000000000012 /* TrendEngineTests.swift */ = {isa = PBXFileReference; lastKnownFileType = sourcecode.swift; path = TrendEngineTests.swift; sourceTree = "<group>"; };
		E20000130000000000000013 /* SyncDateFormattersTests.swift */ = {isa = PBXFileReference; lastKnownFileType = sourcecode.swift; path = SyncDateFormattersTests.swift; sourceTree = "<group>"; };
		E20000130000000000000014 /* SyncFieldsRoundTripTests.swift */ = {isa = PBXFileReference; lastKnownFileType = sourcecode.swift; path = SyncFieldsRoundTripTests.swift; sourceTree = "<group>"; };
		E20000130000000000000016 /* TerrainDriftDetectorTests.swift */ = {isa = PBXFileReference; lastKnownFileType = sourcecode.swift; path = TerrainDriftDetectorTests.swift; sourceTree = "<group>"; };
		E20000130000000000000015 /* HealthTrendTests.swift */ = {isa = PBXFileReference; lastKnownFileType = sourcecode.swift; path = HealthTrendTests.swift; sourceTree = "<group>"; };
/* End PBXFileReference section */

/* Begin PBXContainerItemProxy section */
		EA00000000000000000000T1 /* PBXContainerItemProxy */ = {
			isa = PBXContainerItemProxy;
			containerPortal = E80000000000000000000001 /* Project object */;
			proxyType = 1;
			remoteGlobalIDString = E50000000000000000000001;
			remoteInfo = Terrain;
		};
/* End PBXContainerItemProxy section */

/* Begin PBXFrameworksBuildPhase section */
		E30000000000000000000001 /* Frameworks */ = {
			isa = PBXFrameworksBuildPhase;
			buildActionMask = 2147483647;
			files = (
				A1B2C3D4E5F6A7B8C9D0E2F6 /* HealthKit.framework in Frameworks */,
			);
			runOnlyForDeploymentPostprocessing = 0;
		};
		E300000000000000000000T1 /* Frameworks */ = {
			isa = PBXFrameworksBuildPhase;
			buildActionMask = 2147483647;
			files = (
			);
			runOnlyForDeploymentPostprocessing = 0;
		};
/* End PBXFrameworksBuildPhase section */

/* Begin PBXGroup section */
		E40000000000000000000001 = {
			isa = PBXGroup;
			children = (
				E40000000000000000000002 /* Terrain */,
				E40000000000000000000003 /* Products */,
				A1B2C3D4E5F6A7B8C9D0E4F0 /* Frameworks */,
			);
			sourceTree = "<group>";
		};
		A1B2C3D4E5F6A7B8C9D0E4F0 /* Frameworks */ = {
			isa = PBXGroup;
			children = (
				A1B2C3D4E5F6A7B8C9D0E1F6 /* HealthKit.framework */,
			);
			name = Frameworks;
			sourceTree = "<group>";
		};
		E40000000000000000000002 /* Terrain */ = {
			isa = PBXGroup;
			children = (
				E40000010000000000000001 /* App */,
				E40000020000000000000001 /* Core */,
				E40000030000000000000001 /* Features */,
				E40000040000000000000001 /* DesignSystem */,
				E40000050000000000000001 /* Resources */,
				E40000060000000000000001 /* Tests */,
				E200000F0000000000000005 /* Terrain.entitlements */,
			);
			path = ".";
			sourceTree = "<group>";
		};
		E40000000000000000000003 /* Products */ = {
			isa = PBXGroup;
			children = (
				E00000000000000000000001 /* Terrain.app */,
				E0000000000000000000000T /* TerrainTests.xctest */,
			);
			name = Products;
			sourceTree = "<group>";
		};
		E40000060000000000000001 /* Tests */ = {
			isa = PBXGroup;
			children = (
				E2000013000000000000000A /* ConstitutionServiceTests.swift */,
				E2000013000000000000000B /* TerrainScoringEngineTests.swift */,
				E2000013000000000000000C /* SuggestionEngineTests.swift */,
				E2000013000000000000000D /* ContentPackValidationTests.swift */,
				E2000013000000000000000E /* DayPhaseTests.swift */,
				E2000013000000000000000F /* IngredientBenefitTests.swift */,
				E20000130000000000000010 /* InsightEngineTests.swift */,
				E20000130000000000000011 /* OnboardingDataConsistencyTests.swift */,
				E20000130000000000000012 /* TrendEngineTests.swift */,
				E20000130000000000000013 /* SyncDateFormattersTests.swift */,
				E20000130000000000000014 /* SyncFieldsRoundTripTests.swift */,
				E20000130000000000000016 /* TerrainDriftDetectorTests.swift */,
				E20000130000000000000015 /* HealthTrendTests.swift */,
			);
			path = Tests;
			sourceTree = "<group>";
		};
		E40000010000000000000001 /* App */ = {
			isa = PBXGroup;
			children = (
				E20000010000000000000001 /* TerrainApp.swift */,
				E20000010000000000000002 /* MainTabView.swift */,
				E20000010000000000000003 /* NavigationCoordinator.swift */,
			);
			path = App;
			sourceTree = "<group>";
		};
		E40000020000000000000001 /* Core */ = {
			isa = PBXGroup;
			children = (
				E40000020000000000000002 /* Models */,
				E40000020000000000000005 /* Engine */,
				E40000020000000000000006 /* Services */,
				E4000005000000000000CONS /* Constants */,
			);
			path = Core;
			sourceTree = "<group>";
		};
		E40000020000000000000002 /* Models */ = {
			isa = PBXGroup;
			children = (
				E20000020000000000000010 /* TerrainSchemaV1.swift */,
				E40000020000000000000003 /* Content */,
				E40000020000000000000004 /* User */,
				E40000020000000000000007 /* Shared */,
			);
			path = Models;
			sourceTree = "<group>";
		};
		E40000020000000000000003 /* Content */ = {
			isa = PBXGroup;
			children = (
				E20000020000000000000001 /* Ingredient.swift */,
				E20000020000000000000002 /* Lesson.swift */,
				E20000020000000000000003 /* Movement.swift */,
				E20000020000000000000004 /* Program.swift */,
				E20000020000000000000005 /* Routine.swift */,
				E20000020000000000000006 /* TerrainProfile.swift */,
			);
			path = Content;
			sourceTree = "<group>";
		};
		E40000020000000000000004 /* User */ = {
			isa = PBXGroup;
			children = (
				E20000030000000000000001 /* UserProfile.swift */,
				E20000030000000000000002 /* UserCabinet.swift */,
				E20000030000000000000003 /* DailyLog.swift */,
				E20000030000000000000004 /* ProgressRecord.swift */,
				E20000030000000000000005 /* ProgramEnrollment.swift */,
			);
			path = User;
			sourceTree = "<group>";
		};
		E40000020000000000000005 /* Engine */ = {
			isa = PBXGroup;
			children = (
				E20000050000000000000001 /* TerrainScoringEngine.swift */,
				E20000050000000000000002 /* TerrainDriftDetector.swift */,
			);
			path = Engine;
			sourceTree = "<group>";
		};
		E40000020000000000000006 /* Services */ = {
			isa = PBXGroup;
			children = (
				E20000060000000000000001 /* ContentPackService.swift */,
				E20000060000000000000002 /* InsightEngine.swift */,
				E20000060000000000000003 /* ConstitutionService.swift */,
				E20000060000000000000004 /* TrendEngine.swift */,
				E20000060000000000000005 /* SuggestionEngine.swift */,
				E20000060000000000000006 /* SupabaseSyncService.swift */,
				E20000060000000000000007 /* TerrainLogger.swift */,
				E20000060000000000000008 /* WeatherService.swift */,
				A1B2C3D4E5F6A7B8C9D0E1F4 /* HealthService.swift */,
				B1C2D3E4F5A6B7C8D9E0F1A1 /* NotificationService.swift */,
			);
			path = Services;
			sourceTree = "<group>";
		};
		E40000020000000000000007 /* Shared */ = {
			isa = PBXGroup;
			children = (
				E20000040000000000000001 /* LocalizedString.swift */,
				E20000040000000000000002 /* Tags.swift */,
				E20000040000000000000003 /* SafetyFlags.swift */,
				E20000040000000000000004 /* MediaAsset.swift */,
				E20000040000000000000005 /* HomeInsightModels.swift */,
				E20000040000000000000006 /* YouViewModels.swift */,
				E20000040000000000000007 /* TerrainCopy.swift */,
				E20000040000000000000008 /* CommunityStats.swift */,
				E20000040000000000000009 /* QuickNeed.swift */,
				E20000040000000000000010 /* TerrainPulseCheckIn.swift */,
			);
			path = Shared;
			sourceTree = "<group>";
		};
		E40000030000000000000001 /* Features */ = {
			isa = PBXGroup;
			children = (
				E40000030000000000000002 /* Onboarding */,
				E40000030000000000000015 /* Auth */,
				E40000030000000000000010 /* Home */,
				E40000030000000000000011 /* Do */,
				E40000030000000000000003 /* Today */,
				E40000030000000000000005 /* Ingredients */,
				E40000030000000000000006 /* Learn */,
				E40000030000000000000012 /* You */,
				E40000030000000000000009 /* Programs */,
			);
			path = Features;
			sourceTree = "<group>";
		};
		E40000030000000000000015 /* Auth */ = {
			isa = PBXGroup;
			children = (
				E20000140000000000000001 /* AuthView.swift */,
			);
			path = Auth;
			sourceTree = "<group>";
		};
		E40000030000000000000009 /* Programs */ = {
			isa = PBXGroup;
			children = (
				E200000F0000000000000010 /* ProgramsView.swift */,
				E200000F0000000000000011 /* ProgramDetailSheet.swift */,
				E200000F0000000000000012 /* ProgramDayView.swift */,
			);
			path = Programs;
			sourceTree = "<group>";
		};
		E40000030000000000000010 /* Home */ = {
			isa = PBXGroup;
			children = (
				E20000100000000000000001 /* HomeView.swift */,
				E40000030000000000000013 /* Components */,
			);
			path = Home;
			sourceTree = "<group>";
		};
		E40000030000000000000013 /* Components */ = {
			isa = PBXGroup;
			children = (
				E20000100000000000000002 /* DateBarView.swift */,
				E20000100000000000000003 /* HeadlineView.swift */,
				E20000100000000000000004 /* TypeBlockView.swift */,
				E20000100000000000000005 /* InlineCheckInView.swift */,
				E20000100000000000000006 /* DoDontView.swift */,
				E20000100000000000000008 /* ThemeTodayView.swift */,
				E20000100000000000000009 /* CapsuleStartCTA.swift */,
				E2000010000000000000000A /* SeasonalCardView.swift */,
				E2000010000000000000000B /* HomeHeaderView.swift */,
				E2000010000000000000000C /* LifeAreaRow.swift */,
				E2000010000000000000000D /* LifeAreaDetailSheet.swift */,
				E2000010000000000000000E /* DailySurveySheet.swift */,
				A1B2C3D4E5F6A7B8C9D0E1F5 /* WeatherHealthBarView.swift */,
			);
			path = Components;
			sourceTree = "<group>";
		};
		E40000030000000000000011 /* Do */ = {
			isa = PBXGroup;
			children = (
				E20000110000000000000001 /* DoView.swift */,
				E20000110000000000000002 /* DayPhase.swift */,
			);
			path = Do;
			sourceTree = "<group>";
		};
		E40000030000000000000012 /* You */ = {
			isa = PBXGroup;
			children = (
				E20000120000000000000001 /* YouView.swift */,
				A1B2C3D4E5F6A7B8C9D0E1F2 /* QuizEditView.swift */,
				A1B2C3D4E5F6A7B8C9D0E1F3 /* QuizEditResultView.swift */,
				E40000030000000000000014 /* Components */,
			);
			path = You;
			sourceTree = "<group>";
		};
		E40000030000000000000014 /* Components */ = {
			isa = PBXGroup;
			children = (
				E20000120000000000000009 /* TerrainHeroHeaderView.swift */,
				E2000012000000000000000A /* EnhancedPatternMapView.swift */,
				E2000012000000000000000B /* TerrainIdentityView.swift */,
				E20000120000000000000004 /* SignalsView.swift */,
				E20000120000000000000005 /* DefaultsView.swift */,
				E20000120000000000000006 /* WatchForsView.swift */,
				E20000120000000000000007 /* EvolutionTrendsView.swift */,
				E20000120000000000000008 /* PreferencesSafetyView.swift */,
				E2000012000000000000000C /* TrendSparklineCard.swift */,
				E2000012000000000000000D /* RoutineEffectivenessCard.swift */,
				E2000012000000000000000E /* SymptomHeatmapView.swift */,
				E2000012000000000000000F /* TerrainPulseCard.swift */,
				E20000120000000000000010 /* AnnotatedTrendCard.swift */,
				E20000120000000000000011 /* ActivityLogCard.swift */,
				E20000120000000000000012 /* PulseCheckInView.swift */,
			);
			path = Components;
			sourceTree = "<group>";
		};
		E40000030000000000000002 /* Onboarding */ = {
			isa = PBXGroup;
			children = (
				E20000070000000000000001 /* WelcomeView.swift */,
				E20000070000000000000002 /* GoalsView.swift */,
				E20000070000000000000003 /* QuizView.swift */,
				E20000070000000000000004 /* TerrainRevealView.swift */,
				E20000070000000000000005 /* SafetyGateView.swift */,
				E20000070000000000000006 /* NotificationsView.swift */,
				E20000070000000000000007 /* OnboardingCoordinatorView.swift */,
				CC00000700000000000000A2 /* OnboardingCompleteView.swift */,
				DD00000700000000000000A2 /* TutorialPreviewView.swift */,
				EE00000700000000000000A2 /* HowItWorksView.swift */,
				FF00000700000000000000A2 /* PermissionsView.swift */,
				AA00000700000000000000A2 /* DemographicsView.swift */,
			);
			path = Onboarding;
			sourceTree = "<group>";
		};
		E40000030000000000000003 /* Today */ = {
			isa = PBXGroup;
			children = (
				E20000080000000000000002 /* DailyCheckInSheet.swift */,
				E20000080000000000000003 /* RoutineDetailSheet.swift */,
				E20000080000000000000004 /* MovementPlayerSheet.swift */,
				E20000080000000000000005 /* PostRoutineFeedbackSheet.swift */,
			);
			path = Today;
			sourceTree = "<group>";
		};
		E40000030000000000000005 /* Ingredients */ = {
			isa = PBXGroup;
			children = (
				E200000A0000000000000001 /* IngredientsView.swift */,
				E200000A0000000000000002 /* IngredientDetailSheet.swift */,
				E200000A0000000000000003 /* IngredientEmoji.swift */,
			);
			path = Ingredients;
			sourceTree = "<group>";
		};
		E40000030000000000000006 /* Learn */ = {
			isa = PBXGroup;
			children = (
				E200000B0000000000000001 /* LearnView.swift */,
				E200000B0000000000000002 /* LessonDetailSheet.swift */,
			);
			path = Learn;
			sourceTree = "<group>";
		};
		E40000040000000000000001 /* DesignSystem */ = {
			isa = PBXGroup;
			children = (
				E40000040000000000000002 /* Theme */,
				E40000040000000000000003 /* Components */,
				E40000040000000000000004 /* Utilities */,
			);
			path = DesignSystem;
			sourceTree = "<group>";
		};
		E40000040000000000000004 /* Utilities */ = {
			isa = PBXGroup;
			children = (
				E200000E0000000000000006 /* HapticManager.swift */,
			);
			path = Utilities;
			sourceTree = "<group>";
		};
		E40000040000000000000002 /* Theme */ = {
			isa = PBXGroup;
			children = (
				E200000D0000000000000001 /* TerrainTheme.swift */,
			);
			path = Theme;
			sourceTree = "<group>";
		};
		E40000040000000000000003 /* Components */ = {
			isa = PBXGroup;
			children = (
				E200000E0000000000000001 /* TerrainButton.swift */,
				E200000E0000000000000002 /* TerrainCard.swift */,
				E200000E0000000000000003 /* TerrainTextField.swift */,
				E200000E0000000000000004 /* TerrainEmptyState.swift */,
				E200000E0000000000000005 /* SkeletonLoader.swift */,
				E200000E0000000000000007 /* TerrainPatternBackground.swift */,
				E200000E0000000000000050 /* SafariView.swift */,
				E200000E0000000000000052 /* AmbientBackground.swift */,
				E200000E0000000000000053 /* ParallaxHeroImage.swift */,
				E200000E0000000000000054 /* StepJourneyConnector.swift */,
			);
			path = Components;
			sourceTree = "<group>";
		};
		E4000005000000000000CONS /* Constants */ = {
			isa = PBXGroup;
			children = (
				E200000E0000000000000051 /* LegalURLs.swift */,
			);
			path = Constants;
			sourceTree = "<group>";
		};
		E40000050000000000000001 /* Resources */ = {
			isa = PBXGroup;
			children = (
				E200000F0000000000000003 /* Assets.xcassets */,
				E40000050000000000000002 /* ContentPacks */,
				E200000F0000000000000004 /* PrivacyInfo.xcprivacy */,
				E200000F0000000000000002 /* Supabase.plist */,
			);
			path = Resources;
			sourceTree = "<group>";
		};
		E40000050000000000000002 /* ContentPacks */ = {
			isa = PBXGroup;
			children = (
				E200000F0000000000000001 /* base-content-pack.json */,
			);
			path = ContentPacks;
			sourceTree = "<group>";
		};
/* End PBXGroup section */

/* Begin PBXTargetDependency section */
		EB00000000000000000000T1 /* PBXTargetDependency */ = {
			isa = PBXTargetDependency;
			target = E50000000000000000000001 /* Terrain */;
			targetProxy = EA00000000000000000000T1 /* PBXContainerItemProxy */;
		};
/* End PBXTargetDependency section */

/* Begin PBXNativeTarget section */
		E50000000000000000000001 /* Terrain */ = {
			isa = PBXNativeTarget;
			buildConfigurationList = E70000000000000000000001 /* Build configuration list for PBXNativeTarget "Terrain" */;
			buildPhases = (
				E60000000000000000000001 /* Sources */,
				E30000000000000000000001 /* Frameworks */,
				E60000000000000000000002 /* Resources */,
			);
			buildRules = (
			);
			dependencies = (
			);
			name = Terrain;
			packageProductDependencies = (
				E1600000000000000000001 /* Supabase */,
			);
			productName = Terrain;
			productReference = E00000000000000000000001 /* Terrain.app */;
			productType = "com.apple.product-type.application";
		};
		E500000000000000000000T1 /* TerrainTests */ = {
			isa = PBXNativeTarget;
			buildConfigurationList = E700000000000000000000T1 /* Build configuration list for PBXNativeTarget "TerrainTests" */;
			buildPhases = (
				E600000000000000000000T1 /* Sources */,
				E300000000000000000000T1 /* Frameworks */,
			);
			buildRules = (
			);
			dependencies = (
				EB00000000000000000000T1 /* PBXTargetDependency */,
			);
			name = TerrainTests;
			productName = TerrainTests;
			productReference = E0000000000000000000000T /* TerrainTests.xctest */;
			productType = "com.apple.product-type.bundle.unit-test";
		};
/* End PBXNativeTarget section */

/* Begin PBXProject section */
		E80000000000000000000001 /* Project object */ = {
			isa = PBXProject;
			attributes = {
				BuildIndependentTargetsInParallel = 1;
				LastSwiftUpdateCheck = 1500;
				LastUpgradeCheck = 1500;
				TargetAttributes = {
					E50000000000000000000001 = {
						CreatedOnToolsVersion = 15.0;
					};
					E500000000000000000000T1 = {
						CreatedOnToolsVersion = 15.0;
						TestTargetID = E50000000000000000000001;
					};
				};
			};
			buildConfigurationList = E70000000000000000000002 /* Build configuration list for PBXProject "Terrain" */;
			compatibilityVersion = "Xcode 14.0";
			developmentRegion = en;
			hasScannedForEncodings = 0;
			knownRegions = (
				en,
				Base,
			);
			mainGroup = E40000000000000000000001;
			packageReferences = (
				E1500000000000000000001 /* XCRemoteSwiftPackageReference "supabase-swift" */,
			);
			productRefGroup = E40000000000000000000003 /* Products */;
			projectDirPath = "";
			projectRoot = "";
			targets = (
				E50000000000000000000001 /* Terrain */,
				E500000000000000000000T1 /* TerrainTests */,
			);
		};
/* End PBXProject section */

/* Begin PBXResourcesBuildPhase section */
		E60000000000000000000002 /* Resources */ = {
			isa = PBXResourcesBuildPhase;
			buildActionMask = 2147483647;
			files = (
				E100000F0000000000000001 /* base-content-pack.json in Resources */,
				E100000F0000000000000002 /* Supabase.plist in Resources */,
				E100000F0000000000000003 /* Assets.xcassets in Resources */,
				E100000F0000000000000004 /* PrivacyInfo.xcprivacy in Resources */,
			);
			runOnlyForDeploymentPostprocessing = 0;
		};
/* End PBXResourcesBuildPhase section */

/* Begin PBXSourcesBuildPhase section */
		E60000000000000000000001 /* Sources */ = {
			isa = PBXSourcesBuildPhase;
			buildActionMask = 2147483647;
			files = (
				E10000010000000000000001 /* TerrainApp.swift in Sources */,
				E10000010000000000000002 /* MainTabView.swift in Sources */,
				E10000010000000000000003 /* NavigationCoordinator.swift in Sources */,
				E10000020000000000000010 /* TerrainSchemaV1.swift in Sources */,
				E10000020000000000000001 /* Ingredient.swift in Sources */,
				E10000020000000000000002 /* Lesson.swift in Sources */,
				E10000020000000000000003 /* Movement.swift in Sources */,
				E10000020000000000000004 /* Program.swift in Sources */,
				E10000020000000000000005 /* Routine.swift in Sources */,
				E10000020000000000000006 /* TerrainProfile.swift in Sources */,
				E10000030000000000000001 /* UserProfile.swift in Sources */,
				E10000030000000000000002 /* UserCabinet.swift in Sources */,
				E10000030000000000000003 /* DailyLog.swift in Sources */,
				E10000030000000000000004 /* ProgressRecord.swift in Sources */,
				E10000040000000000000001 /* LocalizedString.swift in Sources */,
				E10000040000000000000002 /* Tags.swift in Sources */,
				E10000040000000000000003 /* SafetyFlags.swift in Sources */,
				E10000040000000000000004 /* MediaAsset.swift in Sources */,
				E10000040000000000000005 /* HomeInsightModels.swift in Sources */,
				E10000050000000000000001 /* TerrainScoringEngine.swift in Sources */,
				E10000060000000000000001 /* ContentPackService.swift in Sources */,
				E10000060000000000000002 /* InsightEngine.swift in Sources */,
				E10000070000000000000001 /* WelcomeView.swift in Sources */,
				E10000070000000000000002 /* GoalsView.swift in Sources */,
				E10000070000000000000003 /* QuizView.swift in Sources */,
				E10000070000000000000004 /* TerrainRevealView.swift in Sources */,
				E10000070000000000000005 /* SafetyGateView.swift in Sources */,
				E10000070000000000000006 /* NotificationsView.swift in Sources */,
				E10000070000000000000007 /* OnboardingCoordinatorView.swift in Sources */,
				CC00000700000000000000A1 /* OnboardingCompleteView.swift in Sources */,
				DD00000700000000000000A1 /* TutorialPreviewView.swift in Sources */,
				EE00000700000000000000A1 /* HowItWorksView.swift in Sources */,
				FF00000700000000000000A1 /* PermissionsView.swift in Sources */,
				AA00000700000000000000A1 /* DemographicsView.swift in Sources */,
				E10000080000000000000002 /* DailyCheckInSheet.swift in Sources */,
				E10000080000000000000003 /* RoutineDetailSheet.swift in Sources */,
				E10000080000000000000004 /* MovementPlayerSheet.swift in Sources */,
				E10000080000000000000005 /* PostRoutineFeedbackSheet.swift in Sources */,
				E100000A0000000000000001 /* IngredientsView.swift in Sources */,
				E100000A0000000000000002 /* IngredientDetailSheet.swift in Sources */,
				E100000A0000000000000003 /* IngredientEmoji.swift in Sources */,
				E100000B0000000000000001 /* LearnView.swift in Sources */,
				E100000B0000000000000002 /* LessonDetailSheet.swift in Sources */,
				E100000D0000000000000001 /* TerrainTheme.swift in Sources */,
				E100000E0000000000000001 /* TerrainButton.swift in Sources */,
				E100000E0000000000000002 /* TerrainCard.swift in Sources */,
				E100000E0000000000000003 /* TerrainTextField.swift in Sources */,
				E100000E0000000000000004 /* TerrainEmptyState.swift in Sources */,
				E100000E0000000000000005 /* SkeletonLoader.swift in Sources */,
				E100000E0000000000000006 /* HapticManager.swift in Sources */,
				E100000E0000000000000007 /* TerrainPatternBackground.swift in Sources */,
				E100000F0000000000000010 /* ProgramsView.swift in Sources */,
				E100000F0000000000000011 /* ProgramDetailSheet.swift in Sources */,
				E100000F0000000000000012 /* ProgramDayView.swift in Sources */,
				E10000100000000000000001 /* HomeView.swift in Sources */,
				E10000100000000000000002 /* DateBarView.swift in Sources */,
				E10000100000000000000003 /* HeadlineView.swift in Sources */,
				E10000100000000000000004 /* TypeBlockView.swift in Sources */,
				E10000100000000000000005 /* InlineCheckInView.swift in Sources */,
				E10000100000000000000006 /* DoDontView.swift in Sources */,
				E10000100000000000000008 /* ThemeTodayView.swift in Sources */,
				E10000100000000000000009 /* CapsuleStartCTA.swift in Sources */,
				E1000010000000000000000A /* SeasonalCardView.swift in Sources */,
				E1000010000000000000000B /* HomeHeaderView.swift in Sources */,
				E1000010000000000000000C /* LifeAreaRow.swift in Sources */,
				E1000010000000000000000D /* LifeAreaDetailSheet.swift in Sources */,
				E1000010000000000000000E /* DailySurveySheet.swift in Sources */,
				E10000110000000000000001 /* DoView.swift in Sources */,
				E10000110000000000000002 /* DayPhase.swift in Sources */,
				E10000120000000000000001 /* YouView.swift in Sources */,
				E10000120000000000000009 /* TerrainHeroHeaderView.swift in Sources */,
				E1000012000000000000000A /* EnhancedPatternMapView.swift in Sources */,
				E1000012000000000000000B /* TerrainIdentityView.swift in Sources */,
				E10000120000000000000004 /* SignalsView.swift in Sources */,
				E10000120000000000000005 /* DefaultsView.swift in Sources */,
				E10000120000000000000006 /* WatchForsView.swift in Sources */,
				E10000120000000000000007 /* EvolutionTrendsView.swift in Sources */,
				E10000120000000000000008 /* PreferencesSafetyView.swift in Sources */,
				E10000040000000000000006 /* YouViewModels.swift in Sources */,
				E10000040000000000000007 /* TerrainCopy.swift in Sources */,
				E10000040000000000000008 /* CommunityStats.swift in Sources */,
				E10000060000000000000003 /* ConstitutionService.swift in Sources */,
				E10000060000000000000004 /* TrendEngine.swift in Sources */,
				E10000060000000000000005 /* SuggestionEngine.swift in Sources */,
				E10000060000000000000006 /* SupabaseSyncService.swift in Sources */,
				E10000060000000000000007 /* TerrainLogger.swift in Sources */,
				E10000060000000000000008 /* WeatherService.swift in Sources */,
				E10000040000000000000009 /* QuickNeed.swift in Sources */,
				E10000030000000000000005 /* ProgramEnrollment.swift in Sources */,
				E1000012000000000000000C /* TrendSparklineCard.swift in Sources */,
				E1000012000000000000000D /* RoutineEffectivenessCard.swift in Sources */,
				E1000012000000000000000E /* SymptomHeatmapView.swift in Sources */,
				E1000012000000000000000F /* TerrainPulseCard.swift in Sources */,
				E10000120000000000000010 /* AnnotatedTrendCard.swift in Sources */,
				E10000120000000000000011 /* ActivityLogCard.swift in Sources */,
				E10000140000000000000001 /* AuthView.swift in Sources */,
				A1B2C3D4E5F6A7B8C9D0E2F2 /* QuizEditView.swift in Sources */,
				A1B2C3D4E5F6A7B8C9D0E2F3 /* QuizEditResultView.swift in Sources */,
				A1B2C3D4E5F6A7B8C9D0E2F4 /* HealthService.swift in Sources */,
				A1B2C3D4E5F6A7B8C9D0E2F5 /* WeatherHealthBarView.swift in Sources */,
				B1C2D3E4F5A6B7C8D9E0F1A2 /* NotificationService.swift in Sources */,
				E100000E0000000000000050 /* SafariView.swift in Sources */,
				E100000E0000000000000051 /* LegalURLs.swift in Sources */,
				E100000E0000000000000052 /* AmbientBackground.swift in Sources */,
				E100000E0000000000000053 /* ParallaxHeroImage.swift in Sources */,
				E100000E0000000000000054 /* StepJourneyConnector.swift in Sources */,
				E10000040000000000000010 /* TerrainPulseCheckIn.swift in Sources */,
				E10000050000000000000002 /* TerrainDriftDetector.swift in Sources */,
				E10000120000000000000012 /* PulseCheckInView.swift in Sources */,
			);
			runOnlyForDeploymentPostprocessing = 0;
		};
		E600000000000000000000T1 /* Sources */ = {
			isa = PBXSourcesBuildPhase;
			buildActionMask = 2147483647;
			files = (
				E1000013000000000000000A /* ConstitutionServiceTests.swift in Sources */,
				E1000013000000000000000B /* TerrainScoringEngineTests.swift in Sources */,
				E1000013000000000000000C /* SuggestionEngineTests.swift in Sources */,
				E1000013000000000000000D /* ContentPackValidationTests.swift in Sources */,
				E1000013000000000000000E /* DayPhaseTests.swift in Sources */,
				E1000013000000000000000F /* IngredientBenefitTests.swift in Sources */,
				E10000130000000000000010 /* InsightEngineTests.swift in Sources */,
				E10000130000000000000011 /* OnboardingDataConsistencyTests.swift in Sources */,
				E10000130000000000000012 /* TrendEngineTests.swift in Sources */,
				E10000130000000000000013 /* SyncDateFormattersTests.swift in Sources */,
				E10000130000000000000014 /* SyncFieldsRoundTripTests.swift in Sources */,
				E10000130000000000000016 /* TerrainDriftDetectorTests.swift in Sources */,
				E10000130000000000000015 /* HealthTrendTests.swift in Sources */,
			);
			runOnlyForDeploymentPostprocessing = 0;
		};
/* End PBXSourcesBuildPhase section */

/* Begin XCBuildConfiguration section */
		E90000000000000000000001 /* Debug */ = {
			isa = XCBuildConfiguration;
			buildSettings = {
				ALWAYS_SEARCH_USER_PATHS = NO;
				ASSETCATALOG_COMPILER_GENERATE_SWIFT_ASSET_SYMBOL_EXTENSIONS = YES;
				CLANG_ANALYZER_NONNULL = YES;
				CLANG_ANALYZER_NUMBER_OBJECT_CONVERSION = YES_AGGRESSIVE;
				CLANG_CXX_LANGUAGE_STANDARD = "gnu++20";
				CLANG_ENABLE_MODULES = YES;
				CLANG_ENABLE_OBJC_ARC = YES;
				CLANG_ENABLE_OBJC_WEAK = YES;
				CLANG_WARN_BLOCK_CAPTURE_AUTORELEASING = YES;
				CLANG_WARN_BOOL_CONVERSION = YES;
				CLANG_WARN_COMMA = YES;
				CLANG_WARN_CONSTANT_CONVERSION = YES;
				CLANG_WARN_DEPRECATED_OBJC_IMPLEMENTATIONS = YES;
				CLANG_WARN_DIRECT_OBJC_ISA_USAGE = YES_ERROR;
				CLANG_WARN_DOCUMENTATION_COMMENTS = YES;
				CLANG_WARN_EMPTY_BODY = YES;
				CLANG_WARN_ENUM_CONVERSION = YES;
				CLANG_WARN_INFINITE_RECURSION = YES;
				CLANG_WARN_INT_CONVERSION = YES;
				CLANG_WARN_NON_LITERAL_NULL_CONVERSION = YES;
				CLANG_WARN_OBJC_IMPLICIT_RETAIN_SELF = YES;
				CLANG_WARN_OBJC_LITERAL_CONVERSION = YES;
				CLANG_WARN_OBJC_ROOT_CLASS = YES_ERROR;
				CLANG_WARN_QUOTED_INCLUDE_IN_FRAMEWORK_HEADER = YES;
				CLANG_WARN_RANGE_LOOP_ANALYSIS = YES;
				CLANG_WARN_STRICT_PROTOTYPES = YES;
				CLANG_WARN_SUSPICIOUS_MOVE = YES;
				CLANG_WARN_UNGUARDED_AVAILABILITY = YES_AGGRESSIVE;
				CLANG_WARN_UNREACHABLE_CODE = YES;
				CLANG_WARN__DUPLICATE_METHOD_MATCH = YES;
				COPY_PHASE_STRIP = NO;
				DEBUG_INFORMATION_FORMAT = dwarf;
				ENABLE_STRICT_OBJC_MSGSEND = YES;
				ENABLE_TESTABILITY = YES;
				ENABLE_USER_SCRIPT_SANDBOXING = YES;
				GCC_C_LANGUAGE_STANDARD = gnu17;
				GCC_DYNAMIC_NO_PIC = NO;
				GCC_NO_COMMON_BLOCKS = YES;
				GCC_OPTIMIZATION_LEVEL = 0;
				GCC_PREPROCESSOR_DEFINITIONS = (
					"DEBUG=1",
					"$(inherited)",
				);
				GCC_WARN_64_TO_32_BIT_CONVERSION = YES;
				GCC_WARN_ABOUT_RETURN_TYPE = YES_ERROR;
				GCC_WARN_UNDECLARED_SELECTOR = YES;
				GCC_WARN_UNINITIALIZED_AUTOS = YES_AGGRESSIVE;
				GCC_WARN_UNUSED_FUNCTION = YES;
				GCC_WARN_UNUSED_VARIABLE = YES;
				IPHONEOS_DEPLOYMENT_TARGET = 17.0;
				LOCALIZATION_PREFERS_STRING_CATALOGS = YES;
				MTL_ENABLE_DEBUG_INFO = INCLUDE_SOURCE;
				MTL_FAST_MATH = YES;
				ONLY_ACTIVE_ARCH = YES;
				SDKROOT = iphoneos;
				SWIFT_ACTIVE_COMPILATION_CONDITIONS = "DEBUG $(inherited)";
				SWIFT_OPTIMIZATION_LEVEL = "-Onone";
			};
			name = Debug;
		};
		E90000000000000000000002 /* Release */ = {
			isa = XCBuildConfiguration;
			buildSettings = {
				ALWAYS_SEARCH_USER_PATHS = NO;
				ASSETCATALOG_COMPILER_GENERATE_SWIFT_ASSET_SYMBOL_EXTENSIONS = YES;
				CLANG_ANALYZER_NONNULL = YES;
				CLANG_ANALYZER_NUMBER_OBJECT_CONVERSION = YES_AGGRESSIVE;
				CLANG_CXX_LANGUAGE_STANDARD = "gnu++20";
				CLANG_ENABLE_MODULES = YES;
				CLANG_ENABLE_OBJC_ARC = YES;
				CLANG_ENABLE_OBJC_WEAK = YES;
				CLANG_WARN_BLOCK_CAPTURE_AUTORELEASING = YES;
				CLANG_WARN_BOOL_CONVERSION = YES;
				CLANG_WARN_COMMA = YES;
				CLANG_WARN_CONSTANT_CONVERSION = YES;
				CLANG_WARN_DEPRECATED_OBJC_IMPLEMENTATIONS = YES;
				CLANG_WARN_DIRECT_OBJC_ISA_USAGE = YES_ERROR;
				CLANG_WARN_DOCUMENTATION_COMMENTS = YES;
				CLANG_WARN_EMPTY_BODY = YES;
				CLANG_WARN_ENUM_CONVERSION = YES;
				CLANG_WARN_INFINITE_RECURSION = YES;
				CLANG_WARN_INT_CONVERSION = YES;
				CLANG_WARN_NON_LITERAL_NULL_CONVERSION = YES;
				CLANG_WARN_OBJC_IMPLICIT_RETAIN_SELF = YES;
				CLANG_WARN_OBJC_LITERAL_CONVERSION = YES;
				CLANG_WARN_OBJC_ROOT_CLASS = YES_ERROR;
				CLANG_WARN_QUOTED_INCLUDE_IN_FRAMEWORK_HEADER = YES;
				CLANG_WARN_RANGE_LOOP_ANALYSIS = YES;
				CLANG_WARN_STRICT_PROTOTYPES = YES;
				CLANG_WARN_SUSPICIOUS_MOVE = YES;
				CLANG_WARN_UNGUARDED_AVAILABILITY = YES_AGGRESSIVE;
				CLANG_WARN_UNREACHABLE_CODE = YES;
				CLANG_WARN__DUPLICATE_METHOD_MATCH = YES;
				COPY_PHASE_STRIP = NO;
				DEBUG_INFORMATION_FORMAT = "dwarf-with-dsym";
				ENABLE_NS_ASSERTIONS = NO;
				ENABLE_STRICT_OBJC_MSGSEND = YES;
				ENABLE_USER_SCRIPT_SANDBOXING = YES;
				GCC_C_LANGUAGE_STANDARD = gnu17;
				GCC_NO_COMMON_BLOCKS = YES;
				GCC_WARN_64_TO_32_BIT_CONVERSION = YES;
				GCC_WARN_ABOUT_RETURN_TYPE = YES_ERROR;
				GCC_WARN_UNDECLARED_SELECTOR = YES;
				GCC_WARN_UNINITIALIZED_AUTOS = YES_AGGRESSIVE;
				GCC_WARN_UNUSED_FUNCTION = YES;
				GCC_WARN_UNUSED_VARIABLE = YES;
				IPHONEOS_DEPLOYMENT_TARGET = 17.0;
				LOCALIZATION_PREFERS_STRING_CATALOGS = YES;
				MTL_ENABLE_DEBUG_INFO = NO;
				MTL_FAST_MATH = YES;
				SDKROOT = iphoneos;
				SWIFT_COMPILATION_MODE = wholemodule;
				VALIDATE_PRODUCT = YES;
			};
			name = Release;
		};
		E90000000000000000000003 /* Debug */ = {
			isa = XCBuildConfiguration;
			buildSettings = {
				ASSETCATALOG_COMPILER_APPICON_NAME = AppIcon;
				ASSETCATALOG_COMPILER_GLOBAL_ACCENT_COLOR_NAME = AccentColor;
				CODE_SIGN_ENTITLEMENTS = Terrain.entitlements;
				CODE_SIGN_STYLE = Automatic;
				CURRENT_PROJECT_VERSION = 1;
				DEVELOPMENT_TEAM = 3HC23XC5KA;
				ENABLE_PREVIEWS = YES;
				GENERATE_INFOPLIST_FILE = YES;
				INFOPLIST_KEY_NSHealthShareUsageDescription = "Terrain uses your step count to personalize daily food and activity recommendations for your terrain type.";
				INFOPLIST_KEY_NSHealthUpdateUsageDescription = "Terrain does not write health data, but HealthKit requires this description when the capability is enabled.";
				INFOPLIST_KEY_NSLocationWhenInUseUsageDescription = "Terrain uses your location to provide weather-aware wellness guidance personalized to your local conditions.";
				INFOPLIST_KEY_NSUserNotificationsUsageDescription = "Terrain sends daily ritual reminders to help you stay consistent with your wellness practice.";
				INFOPLIST_KEY_UIApplicationSceneManifest_Generation = YES;
				INFOPLIST_KEY_UIApplicationSupportsIndirectInputEvents = YES;
				INFOPLIST_KEY_UILaunchScreen_Generation = YES;
				INFOPLIST_KEY_UISupportedInterfaceOrientations_iPhone = UIInterfaceOrientationPortrait;
				LD_RUNPATH_SEARCH_PATHS = (
					"$(inherited)",
					"@executable_path/Frameworks",
				);
				MARKETING_VERSION = 1.0;
				PRODUCT_BUNDLE_IDENTIFIER = com.terrainhealth.app;
				PRODUCT_NAME = "$(TARGET_NAME)";
				SWIFT_EMIT_LOC_STRINGS = YES;
				SWIFT_VERSION = 5.0;
				TARGETED_DEVICE_FAMILY = 1;
			};
			name = Debug;
		};
		E90000000000000000000004 /* Release */ = {
			isa = XCBuildConfiguration;
			buildSettings = {
				ASSETCATALOG_COMPILER_APPICON_NAME = AppIcon;
				ASSETCATALOG_COMPILER_GLOBAL_ACCENT_COLOR_NAME = AccentColor;
				CODE_SIGN_ENTITLEMENTS = Terrain.entitlements;
				CODE_SIGN_STYLE = Automatic;
				CURRENT_PROJECT_VERSION = 1;
				DEVELOPMENT_TEAM = 3HC23XC5KA;
				ENABLE_PREVIEWS = YES;
				GENERATE_INFOPLIST_FILE = YES;
				INFOPLIST_KEY_NSHealthShareUsageDescription = "Terrain uses your step count to personalize daily food and activity recommendations for your terrain type.";
				INFOPLIST_KEY_NSHealthUpdateUsageDescription = "Terrain does not write health data, but HealthKit requires this description when the capability is enabled.";
				INFOPLIST_KEY_NSLocationWhenInUseUsageDescription = "Terrain uses your location to provide weather-aware wellness guidance personalized to your local conditions.";
				INFOPLIST_KEY_NSUserNotificationsUsageDescription = "Terrain sends daily ritual reminders to help you stay consistent with your wellness practice.";
				INFOPLIST_KEY_UIApplicationSceneManifest_Generation = YES;
				INFOPLIST_KEY_UIApplicationSupportsIndirectInputEvents = YES;
				INFOPLIST_KEY_UILaunchScreen_Generation = YES;
				INFOPLIST_KEY_UISupportedInterfaceOrientations_iPhone = UIInterfaceOrientationPortrait;
				LD_RUNPATH_SEARCH_PATHS = (
					"$(inherited)",
					"@executable_path/Frameworks",
				);
				MARKETING_VERSION = 1.0;
				PRODUCT_BUNDLE_IDENTIFIER = com.terrainhealth.app;
				PRODUCT_NAME = "$(TARGET_NAME)";
				SWIFT_EMIT_LOC_STRINGS = YES;
				SWIFT_VERSION = 5.0;
				TARGETED_DEVICE_FAMILY = 1;
			};
			name = Release;
		};
		E9000000000000000000T001 /* Debug */ = {
			isa = XCBuildConfiguration;
			buildSettings = {
				BUNDLE_LOADER = "$(TEST_HOST)";
				CODE_SIGN_STYLE = Automatic;
				CURRENT_PROJECT_VERSION = 1;
				DEVELOPMENT_TEAM = 3HC23XC5KA;
				GENERATE_INFOPLIST_FILE = YES;
				IPHONEOS_DEPLOYMENT_TARGET = 17.0;
				MARKETING_VERSION = 1.0;
				PRODUCT_BUNDLE_IDENTIFIER = com.terrainhealth.app.tests;
				PRODUCT_NAME = "$(TARGET_NAME)";
				SWIFT_EMIT_LOC_STRINGS = NO;
				SWIFT_VERSION = 5.0;
				TARGETED_DEVICE_FAMILY = 1;
				TEST_HOST = "$(BUILT_PRODUCTS_DIR)/Terrain.app/$(BUNDLE_EXECUTABLE_FOLDER_PATH)/Terrain";
			};
			name = Debug;
		};
		E9000000000000000000T002 /* Release */ = {
			isa = XCBuildConfiguration;
			buildSettings = {
				BUNDLE_LOADER = "$(TEST_HOST)";
				CODE_SIGN_STYLE = Automatic;
				CURRENT_PROJECT_VERSION = 1;
				DEVELOPMENT_TEAM = 3HC23XC5KA;
				GENERATE_INFOPLIST_FILE = YES;
				IPHONEOS_DEPLOYMENT_TARGET = 17.0;
				MARKETING_VERSION = 1.0;
				PRODUCT_BUNDLE_IDENTIFIER = com.terrainhealth.app.tests;
				PRODUCT_NAME = "$(TARGET_NAME)";
				SWIFT_EMIT_LOC_STRINGS = NO;
				SWIFT_VERSION = 5.0;
				TARGETED_DEVICE_FAMILY = 1;
				TEST_HOST = "$(BUILT_PRODUCTS_DIR)/Terrain.app/$(BUNDLE_EXECUTABLE_FOLDER_PATH)/Terrain";
			};
			name = Release;
		};
/* End XCBuildConfiguration section */

/* Begin XCConfigurationList section */
		E70000000000000000000001 /* Build configuration list for PBXNativeTarget "Terrain" */ = {
			isa = XCConfigurationList;
			buildConfigurations = (
				E90000000000000000000003 /* Debug */,
				E90000000000000000000004 /* Release */,
			);
			defaultConfigurationIsVisible = 0;
			defaultConfigurationName = Release;
		};
		E70000000000000000000002 /* Build configuration list for PBXProject "Terrain" */ = {
			isa = XCConfigurationList;
			buildConfigurations = (
				E90000000000000000000001 /* Debug */,
				E90000000000000000000002 /* Release */,
			);
			defaultConfigurationIsVisible = 0;
			defaultConfigurationName = Release;
		};
		E700000000000000000000T1 /* Build configuration list for PBXNativeTarget "TerrainTests" */ = {
			isa = XCConfigurationList;
			buildConfigurations = (
				E9000000000000000000T001 /* Debug */,
				E9000000000000000000T002 /* Release */,
			);
			defaultConfigurationIsVisible = 0;
			defaultConfigurationName = Release;
		};
/* End XCConfigurationList section */

/* Begin XCRemoteSwiftPackageReference section */
		E1500000000000000000001 /* XCRemoteSwiftPackageReference "supabase-swift" */ = {
			isa = XCRemoteSwiftPackageReference;
			repositoryURL = "https://github.com/supabase/supabase-swift";
			requirement = {
				kind = upToNextMajorVersion;
				minimumVersion = 2.0.0;
			};
		};
/* End XCRemoteSwiftPackageReference section */

/* Begin XCSwiftPackageProductDependency section */
		E1600000000000000000001 /* Supabase */ = {
			isa = XCSwiftPackageProductDependency;
			package = E1500000000000000000001 /* XCRemoteSwiftPackageReference "supabase-swift" */;
			productName = Supabase;
		};
/* End XCSwiftPackageProductDependency section */
	};
	rootObject = E80000000000000000000001 /* Project object */;
}
